// !$*UTF8*$!
{
	archiveVersion = 1;
	classes = {
	};
	objectVersion = 50;
	objects = {

/* Begin PBXBuildFile section */
		7E35D753270A031D0067D7DB /* AppDelegate.swift in Sources */ = {isa = PBXBuildFile; fileRef = 7E35D752270A031D0067D7DB /* AppDelegate.swift */; };
		7E35D755270A031D0067D7DB /* SceneDelegate.swift in Sources */ = {isa = PBXBuildFile; fileRef = 7E35D754270A031D0067D7DB /* SceneDelegate.swift */; };
		7E35D757270A031D0067D7DB /* ViewController.swift in Sources */ = {isa = PBXBuildFile; fileRef = 7E35D756270A031D0067D7DB /* ViewController.swift */; };
		7E35D75A270A031D0067D7DB /* Main.storyboard in Resources */ = {isa = PBXBuildFile; fileRef = 7E35D758270A031D0067D7DB /* Main.storyboard */; };
		7E35D75C270A031F0067D7DB /* Assets.xcassets in Resources */ = {isa = PBXBuildFile; fileRef = 7E35D75B270A031F0067D7DB /* Assets.xcassets */; };
		7E35D75F270A031F0067D7DB /* LaunchScreen.storyboard in Resources */ = {isa = PBXBuildFile; fileRef = 7E35D75D270A031F0067D7DB /* LaunchScreen.storyboard */; };
/* End PBXBuildFile section */

/* Begin PBXFileReference section */
		7E35D74F270A031D0067D7DB /* Assignment3-E-Commerce.app */ = {isa = PBXFileReference; explicitFileType = wrapper.application; includeInIndex = 0; path = "Assignment3-E-Commerce.app"; sourceTree = BUILT_PRODUCTS_DIR; };
		7E35D752270A031D0067D7DB /* AppDelegate.swift */ = {isa = PBXFileReference; lastKnownFileType = sourcecode.swift; path = AppDelegate.swift; sourceTree = "<group>"; };
		7E35D754270A031D0067D7DB /* SceneDelegate.swift */ = {isa = PBXFileReference; lastKnownFileType = sourcecode.swift; path = SceneDelegate.swift; sourceTree = "<group>"; };
		7E35D756270A031D0067D7DB /* ViewController.swift */ = {isa = PBXFileReference; lastKnownFileType = sourcecode.swift; path = ViewController.swift; sourceTree = "<group>"; };
		7E35D759270A031D0067D7DB /* Base */ = {isa = PBXFileReference; lastKnownFileType = file.storyboard; name = Base; path = Base.lproj/Main.storyboard; sourceTree = "<group>"; };
		7E35D75B270A031F0067D7DB /* Assets.xcassets */ = {isa = PBXFileReference; lastKnownFileType = folder.assetcatalog; path = Assets.xcassets; sourceTree = "<group>"; };
		7E35D75E270A031F0067D7DB /* Base */ = {isa = PBXFileReference; lastKnownFileType = file.storyboard; name = Base; path = Base.lproj/LaunchScreen.storyboard; sourceTree = "<group>"; };
		7E35D760270A031F0067D7DB /* Info.plist */ = {isa = PBXFileReference; lastKnownFileType = text.plist.xml; path = Info.plist; sourceTree = "<group>"; };
/* End PBXFileReference section */

/* Begin PBXFrameworksBuildPhase section */
		7E35D74C270A031D0067D7DB /* Frameworks */ = {
			isa = PBXFrameworksBuildPhase;
			buildActionMask = 2147483647;
			files = (
			);
			runOnlyForDeploymentPostprocessing = 0;
		};
/* End PBXFrameworksBuildPhase section */

/* Begin PBXGroup section */
		7E35D746270A031D0067D7DB = {
			isa = PBXGroup;
			children = (
				7E35D751270A031D0067D7DB /* Assignment3-E-Commerce */,
				7E35D750270A031D0067D7DB /* Products */,
			);
			sourceTree = "<group>";
		};
		7E35D750270A031D0067D7DB /* Products */ = {
			isa = PBXGroup;
			children = (
				7E35D74F270A031D0067D7DB /* Assignment3-E-Commerce.app */,
			);
			name = Products;
			sourceTree = "<group>";
		};
		7E35D751270A031D0067D7DB /* Assignment3-E-Commerce */ = {
			isa = PBXGroup;
			children = (
				7E35D752270A031D0067D7DB /* AppDelegate.swift */,
				7E35D754270A031D0067D7DB /* SceneDelegate.swift */,
				7E35D756270A031D0067D7DB /* ViewController.swift */,
				7E35D758270A031D0067D7DB /* Main.storyboard */,
				7E35D75B270A031F0067D7DB /* Assets.xcassets */,
				7E35D75D270A031F0067D7DB /* LaunchScreen.storyboard */,
				7E35D760270A031F0067D7DB /* Info.plist */,
			);
			path = "Assignment3-E-Commerce";
			sourceTree = "<group>";
		};
/* End PBXGroup section */

/* Begin PBXNativeTarget section */
		7E35D74E270A031D0067D7DB /* Assignment3-E-Commerce */ = {
			isa = PBXNativeTarget;
			buildConfigurationList = 7E35D763270A031F0067D7DB /* Build configuration list for PBXNativeTarget "Assignment3-E-Commerce" */;
			buildPhases = (
				7E35D74B270A031D0067D7DB /* Sources */,
				7E35D74C270A031D0067D7DB /* Frameworks */,
				7E35D74D270A031D0067D7DB /* Resources */,
			);
			buildRules = (
			);
			dependencies = (
			);
			name = "Assignment3-E-Commerce";
			productName = "Assignment3-E-Commerce";
			productReference = 7E35D74F270A031D0067D7DB /* Assignment3-E-Commerce.app */;
			productType = "com.apple.product-type.application";
		};
/* End PBXNativeTarget section */

/* Begin PBXProject section */
		7E35D747270A031D0067D7DB /* Project object */ = {
			isa = PBXProject;
			attributes = {
				LastSwiftUpdateCheck = 1170;
				LastUpgradeCheck = 1170;
				ORGANIZATIONNAME = Coditas;
				TargetAttributes = {
					7E35D74E270A031D0067D7DB = {
						CreatedOnToolsVersion = 11.7;
					};
				};
			};
			buildConfigurationList = 7E35D74A270A031D0067D7DB /* Build configuration list for PBXProject "Assignment3-E-Commerce" */;
			compatibilityVersion = "Xcode 9.3";
			developmentRegion = en;
			hasScannedForEncodings = 0;
			knownRegions = (
				en,
				Base,
			);
			mainGroup = 7E35D746270A031D0067D7DB;
			productRefGroup = 7E35D750270A031D0067D7DB /* Products */;
			projectDirPath = "";
			projectRoot = "";
			targets = (
				7E35D74E270A031D0067D7DB /* Assignment3-E-Commerce */,
			);
		};
/* End PBXProject section */

/* Begin PBXResourcesBuildPhase section */
		7E35D74D270A031D0067D7DB /* Resources */ = {
			isa = PBXResourcesBuildPhase;
			buildActionMask = 2147483647;
			files = (
				7E35D75F270A031F0067D7DB /* LaunchScreen.storyboard in Resources */,
				7E35D75C270A031F0067D7DB /* Assets.xcassets in Resources */,
				7E35D75A270A031D0067D7DB /* Main.storyboard in Resources */,
			);
			runOnlyForDeploymentPostprocessing = 0;
		};
/* End PBXResourcesBuildPhase section */

/* Begin PBXSourcesBuildPhase section */
		7E35D74B270A031D0067D7DB /* Sources */ = {
			isa = PBXSourcesBuildPhase;
			buildActionMask = 2147483647;
			files = (
				7E35D757270A031D0067D7DB /* ViewController.swift in Sources */,
				7E35D753270A031D0067D7DB /* AppDelegate.swift in Sources */,
				7E35D755270A031D0067D7DB /* SceneDelegate.swift in Sources */,
			);
			runOnlyForDeploymentPostprocessing = 0;
		};
/* End PBXSourcesBuildPhase section */

/* Begin PBXVariantGroup section */
		7E35D758270A031D0067D7DB /* Main.storyboard */ = {
			isa = PBXVariantGroup;
			children = (
				7E35D759270A031D0067D7DB /* Base */,
			);
			name = Main.storyboard;
			sourceTree = "<group>";
		};
		7E35D75D270A031F0067D7DB /* LaunchScreen.storyboard */ = {
			isa = PBXVariantGroup;
			children = (
				7E35D75E270A031F0067D7DB /* Base */,
			);
			name = LaunchScreen.storyboard;
			sourceTree = "<group>";
		};
/* End PBXVariantGroup section */

/* Begin XCBuildConfiguration section */
		7E35D761270A031F0067D7DB /* Debug */ = {
			isa = XCBuildConfiguration;
			buildSettings = {
				ALWAYS_SEARCH_USER_PATHS = NO;
				CLANG_ANALYZER_NONNULL = YES;
				CLANG_ANALYZER_NUMBER_OBJECT_CONVERSION = YES_AGGRESSIVE;
				CLANG_CXX_LANGUAGE_STANDARD = "gnu++14";
				CLANG_CXX_LIBRARY = "libc++";
				CLANG_ENABLE_MODULES = YES;
				CLANG_ENABLE_OBJC_ARC = YES;
				CLANG_ENABLE_OBJC_WEAK = YES;
				CLANG_WARN_BLOCK_CAPTURE_AUTORELEASING = YES;
				CLANG_WARN_BOOL_CONVERSION = YES;
				CLANG_WARN_COMMA = YES;
				CLANG_WARN_CONSTANT_CONVERSION = YES;
				CLANG_WARN_DEPRECATED_OBJC_IMPLEMENTATIONS = YES;
				CLANG_WARN_DIRECT_OBJC_ISA_USAGE = YES_ERROR;
				CLANG_WARN_DOCUMENTATION_COMMENTS = YES;
				CLANG_WARN_EMPTY_BODY = YES;
				CLANG_WARN_ENUM_CONVERSION = YES;
				CLANG_WARN_INFINITE_RECURSION = YES;
				CLANG_WARN_INT_CONVERSION = YES;
				CLANG_WARN_NON_LITERAL_NULL_CONVERSION = YES;
				CLANG_WARN_OBJC_IMPLICIT_RETAIN_SELF = YES;
				CLANG_WARN_OBJC_LITERAL_CONVERSION = YES;
				CLANG_WARN_OBJC_ROOT_CLASS = YES_ERROR;
				CLANG_WARN_RANGE_LOOP_ANALYSIS = YES;
				CLANG_WARN_STRICT_PROTOTYPES = YES;
				CLANG_WARN_SUSPICIOUS_MOVE = YES;
				CLANG_WARN_UNGUARDED_AVAILABILITY = YES_AGGRESSIVE;
				CLANG_WARN_UNREACHABLE_CODE = YES;
				CLANG_WARN__DUPLICATE_METHOD_MATCH = YES;
				COPY_PHASE_STRIP = NO;
				DEBUG_INFORMATION_FORMAT = dwarf;
				ENABLE_STRICT_OBJC_MSGSEND = YES;
				ENABLE_TESTABILITY = YES;
				GCC_C_LANGUAGE_STANDARD = gnu11;
				GCC_DYNAMIC_NO_PIC = NO;
				GCC_NO_COMMON_BLOCKS = YES;
				GCC_OPTIMIZATION_LEVEL = 0;
				GCC_PREPROCESSOR_DEFINITIONS = (
					"DEBUG=1",
					"$(inherited)",
				);
				GCC_WARN_64_TO_32_BIT_CONVERSION = YES;
				GCC_WARN_ABOUT_RETURN_TYPE = YES_ERROR;
				GCC_WARN_UNDECLARED_SELECTOR = YES;
				GCC_WARN_UNINITIALIZED_AUTOS = YES_AGGRESSIVE;
				GCC_WARN_UNUSED_FUNCTION = YES;
				GCC_WARN_UNUSED_VARIABLE = YES;
				IPHONEOS_DEPLOYMENT_TARGET = 13.7;
				MTL_ENABLE_DEBUG_INFO = INCLUDE_SOURCE;
				MTL_FAST_MATH = YES;
				ONLY_ACTIVE_ARCH = YES;
				SDKROOT = iphoneos;
				SWIFT_ACTIVE_COMPILATION_CONDITIONS = DEBUG;
				SWIFT_OPTIMIZATION_LEVEL = "-Onone";
			};
			name = Debug;
		};
		7E35D762270A031F0067D7DB /* Release */ = {
			isa = XCBuildConfiguration;
			buildSettings = {
				ALWAYS_SEARCH_USER_PATHS = NO;
				CLANG_ANALYZER_NONNULL = YES;
				CLANG_ANALYZER_NUMBER_OBJECT_CONVERSION = YES_AGGRESSIVE;
				CLANG_CXX_LANGUAGE_STANDARD = "gnu++14";
				CLANG_CXX_LIBRARY = "libc++";
				CLANG_ENABLE_MODULES = YES;
				CLANG_ENABLE_OBJC_ARC = YES;
				CLANG_ENABLE_OBJC_WEAK = YES;
				CLANG_WARN_BLOCK_CAPTURE_AUTORELEASING = YES;
				CLANG_WARN_BOOL_CONVERSION = YES;
				CLANG_WARN_COMMA = YES;
				CLANG_WARN_CONSTANT_CONVERSION = YES;
				CLANG_WARN_DEPRECATED_OBJC_IMPLEMENTATIONS = YES;
				CLANG_WARN_DIRECT_OBJC_ISA_USAGE = YES_ERROR;
				CLANG_WARN_DOCUMENTATION_COMMENTS = YES;
				CLANG_WARN_EMPTY_BODY = YES;
				CLANG_WARN_ENUM_CONVERSION = YES;
				CLANG_WARN_INFINITE_RECURSION = YES;
				CLANG_WARN_INT_CONVERSION = YES;
				CLANG_WARN_NON_LITERAL_NULL_CONVERSION = YES;
				CLANG_WARN_OBJC_IMPLICIT_RETAIN_SELF = YES;
				CLANG_WARN_OBJC_LITERAL_CONVERSION = YES;
				CLANG_WARN_OBJC_ROOT_CLASS = YES_ERROR;
				CLANG_WARN_RANGE_LOOP_ANALYSIS = YES;
				CLANG_WARN_STRICT_PROTOTYPES = YES;
				CLANG_WARN_SUSPICIOUS_MOVE = YES;
				CLANG_WARN_UNGUARDED_AVAILABILITY = YES_AGGRESSIVE;
				CLANG_WARN_UNREACHABLE_CODE = YES;
				CLANG_WARN__DUPLICATE_METHOD_MATCH = YES;
				COPY_PHASE_STRIP = NO;
				DEBUG_INFORMATION_FORMAT = "dwarf-with-dsym";
				ENABLE_NS_ASSERTIONS = NO;
				ENABLE_STRICT_OBJC_MSGSEND = YES;
				GCC_C_LANGUAGE_STANDARD = gnu11;
				GCC_NO_COMMON_BLOCKS = YES;
				GCC_WARN_64_TO_32_BIT_CONVERSION = YES;
				GCC_WARN_ABOUT_RETURN_TYPE = YES_ERROR;
				GCC_WARN_UNDECLARED_SELECTOR = YES;
				GCC_WARN_UNINITIALIZED_AUTOS = YES_AGGRESSIVE;
				GCC_WARN_UNUSED_FUNCTION = YES;
				GCC_WARN_UNUSED_VARIABLE = YES;
				IPHONEOS_DEPLOYMENT_TARGET = 13.7;
				MTL_ENABLE_DEBUG_INFO = NO;
				MTL_FAST_MATH = YES;
				SDKROOT = iphoneos;
				SWIFT_COMPILATION_MODE = wholemodule;
				SWIFT_OPTIMIZATION_LEVEL = "-O";
				VALIDATE_PRODUCT = YES;
			};
			name = Release;
		};
		7E35D764270A031F0067D7DB /* Debug */ = {
			isa = XCBuildConfiguration;
			buildSettings = {
				ASSETCATALOG_COMPILER_APPICON_NAME = AppIcon;
				CODE_SIGN_STYLE = Automatic;
				DEVELOPMENT_TEAM = TTNMNDU6PP;
				INFOPLIST_FILE = "Assignment3-E-Commerce/Info.plist";
				LD_RUNPATH_SEARCH_PATHS = (
					"$(inherited)",
					"@executable_path/Frameworks",
				);
				PRODUCT_BUNDLE_IDENTIFIER = "RutujaHulsure.Assignment3-E-Commerce";
				PRODUCT_NAME = "$(TARGET_NAME)";
				SWIFT_VERSION = 5.0;
				TARGETED_DEVICE_FAMILY = "1,2";
			};
			name = Debug;
		};
		7E35D765270A031F0067D7DB /* Release */ = {
			isa = XCBuildConfiguration;
			buildSettings = {
				ASSETCATALOG_COMPILER_APPICON_NAME = AppIcon;
				CODE_SIGN_STYLE = Automatic;
				DEVELOPMENT_TEAM = TTNMNDU6PP;
				INFOPLIST_FILE = "Assignment3-E-Commerce/Info.plist";
				LD_RUNPATH_SEARCH_PATHS = (
					"$(inherited)",
					"@executable_path/Frameworks",
				);
				PRODUCT_BUNDLE_IDENTIFIER = "RutujaHulsure.Assignment3-E-Commerce";
				PRODUCT_NAME = "$(TARGET_NAME)";
				SWIFT_VERSION = 5.0;
				TARGETED_DEVICE_FAMILY = "1,2";
			};
			name = Release;
		};
/* End XCBuildConfiguration section */

/* Begin XCConfigurationList section */
		7E35D74A270A031D0067D7DB /* Build configuration list for PBXProject "Assignment3-E-Commerce" */ = {
			isa = XCConfigurationList;
			buildConfigurations = (
				7E35D761270A031F0067D7DB /* Debug */,
				7E35D762270A031F0067D7DB /* Release */,
			);
			defaultConfigurationIsVisible = 0;
			defaultConfigurationName = Release;
		};
		7E35D763270A031F0067D7DB /* Build configuration list for PBXNativeTarget "Assignment3-E-Commerce" */ = {
			isa = XCConfigurationList;
			buildConfigurations = (
				7E35D764270A031F0067D7DB /* Debug */,
				7E35D765270A031F0067D7DB /* Release */,
			);
			defaultConfigurationIsVisible = 0;
			defaultConfigurationName = Release;
		};
/* End XCConfigurationList section */
	};
	rootObject = 7E35D747270A031D0067D7DB /* Project object */;
}
